
Microsoft Visual Studio Solution File, Format Version 12.00
# Visual Studio Version 17
VisualStudioVersion = 17.4.33213.308
MinimumVisualStudioVersion = 10.0.40219.1
Project("{FAE04EC0-301F-11D3-BF4B-00C04F79EFBC}") = "ConsoleApp11", "ConsoleApp11\ConsoleApp11.csproj", "{508AC90E-CF2B-42EC-A704-2422B8F2EC81}"
EndProject
Project("{FAE04EC0-301F-11D3-BF4B-00C04F79EFBC}") = "TestProject1", "TestProject1\TestProject1.csproj", "{622C46C5-A6DD-465F-A0DD-3F4725F30B58}"
EndProject
Global
	GlobalSection(SolutionConfigurationPlatforms) = preSolution
		Debug|Any CPU = Debug|Any CPU
		Release|Any CPU = Release|Any CPU
	EndGlobalSection
	GlobalSection(ProjectConfigurationPlatforms) = postSolution
		{508AC90E-CF2B-42EC-A704-2422B8F2EC81}.Debug|Any CPU.ActiveCfg = Debug|Any CPU
		{508AC90E-CF2B-42EC-A704-2422B8F2EC81}.Debug|Any CPU.Build.0 = Debug|Any CPU
		{508AC90E-CF2B-42EC-A704-2422B8F2EC81}.Release|Any CPU.ActiveCfg = Release|Any CPU
		{508AC90E-CF2B-42EC-A704-2422B8F2EC81}.Release|Any CPU.Build.0 = Release|Any CPU
		{622C46C5-A6DD-465F-A0DD-3F4725F30B58}.Debug|Any CPU.ActiveCfg = Debug|Any CPU
		{622C46C5-A6DD-465F-A0DD-3F4725F30B58}.Debug|Any CPU.Build.0 = Debug|Any CPU
		{622C46C5-A6DD-465F-A0DD-3F4725F30B58}.Release|Any CPU.ActiveCfg = Release|Any CPU
		{622C46C5-A6DD-465F-A0DD-3F4725F30B58}.Release|Any CPU.Build.0 = Release|Any CPU
	EndGlobalSection
	GlobalSection(SolutionProperties) = preSolution
		HideSolutionNode = FALSE
	EndGlobalSection
	GlobalSection(ExtensibilityGlobals) = postSolution
		SolutionGuid = {BBE06136-BFDF-4831-9A6F-36D5BEDBF729}
	EndGlobalSection
EndGlobal
